
Microsoft Visual Studio Solution File, Format Version 12.00
# Visual Studio Version 17
VisualStudioVersion = 17.8.34525.116
MinimumVisualStudioVersion = 10.0.40219.1
Project("{FAE04EC0-301F-11D3-BF4B-00C04F79EFBC}") = "TesztFeladat", "TesztFeladat.csproj", "{D7550C3A-7CE5-4DE0-9B8F-5359AA86B01B}"
EndProject
Global
	GlobalSection(SolutionConfigurationPlatforms) = preSolution
		Debug|Any CPU = Debug|Any CPU
		Release|Any CPU = Release|Any CPU
	EndGlobalSection
	GlobalSection(ProjectConfigurationPlatforms) = postSolution
		{D7550C3A-7CE5-4DE0-9B8F-5359AA86B01B}.Debug|Any CPU.ActiveCfg = Debug|Any CPU
		{D7550C3A-7CE5-4DE0-9B8F-5359AA86B01B}.Debug|Any CPU.Build.0 = Debug|Any CPU
		{D7550C3A-7CE5-4DE0-9B8F-5359AA86B01B}.Release|Any CPU.ActiveCfg = Release|Any CPU
		{D7550C3A-7CE5-4DE0-9B8F-5359AA86B01B}.Release|Any CPU.Build.0 = Release|Any CPU
	EndGlobalSection
	GlobalSection(SolutionProperties) = preSolution
		HideSolutionNode = FALSE
	EndGlobalSection
	GlobalSection(ExtensibilityGlobals) = postSolution
		SolutionGuid = {856B4BD7-954E-42C6-834B-20F2774D1816}
	EndGlobalSection
EndGlobal
